{
  "projects": [
    {
      "projectId": "aFz13zrZNw9JGADAhhatpj",
      "version": "latest",
      "dependencies": {},
      "lang": "ts",
      "fileLocks": [
        {
          "type": "globalVariant",
          "assetId": "hKkMTWeWdPQwTf",
          "checksum": "3c49e748440f37e6aade2b6ae0be82b7"
        },
        {
          "assetId": "aFz13zrZNw9JGADAhhatpj",
          "type": "projectCss",
          "checksum": "96ea8b94b21b2647965dc6f0232a36fd"
        },
        {
          "type": "renderModule",
          "assetId": "QjjT1dEouSW_e",
          "checksum": "241ae98bf3699eacbe2f125009cf4f15"
        },
        {
          "type": "cssRules",
          "assetId": "QjjT1dEouSW_e",
          "checksum": "241ae98bf3699eacbe2f125009cf4f15"
        },
        {
          "type": "renderModule",
          "assetId": "ZpCVL7g4OHZGW",
          "checksum": "19d3491f0a6727d5926d21964a6408ce"
        },
        {
          "type": "cssRules",
          "assetId": "ZpCVL7g4OHZGW",
          "checksum": "19d3491f0a6727d5926d21964a6408ce"
        },
        {
          "type": "renderModule",
          "assetId": "8VEl9IDGpHWz4k",
          "checksum": "8f24dc884138b4297fc733b3a6fc7b33"
        },
        {
          "type": "cssRules",
          "assetId": "8VEl9IDGpHWz4k",
          "checksum": "8f24dc884138b4297fc733b3a6fc7b33"
        },
        {
          "type": "renderModule",
          "assetId": "FzylRzkfDw3kPz",
          "checksum": "de1e6a818b96632cecc004992322fcf4"
        },
        {
          "type": "cssRules",
          "assetId": "FzylRzkfDw3kPz",
          "checksum": "de1e6a818b96632cecc004992322fcf4"
        },
        {
          "type": "renderModule",
          "assetId": "Hz-URpgSaVUFtD",
          "checksum": "bb34ed1ba11f1075b166afcc72eff183"
        },
        {
          "type": "cssRules",
          "assetId": "Hz-URpgSaVUFtD",
          "checksum": "bb34ed1ba11f1075b166afcc72eff183"
        },
        {
          "type": "renderModule",
          "assetId": "NhF1VMElueaCTz",
          "checksum": "07cb2ccfc7828a67ba6c3606269356e1"
        },
        {
          "type": "cssRules",
          "assetId": "NhF1VMElueaCTz",
          "checksum": "07cb2ccfc7828a67ba6c3606269356e1"
        },
        {
          "type": "renderModule",
          "assetId": "IkJ0AzaSdV5HUK",
          "checksum": "b81f17ab4030ab6214c447482a95da67"
        },
        {
          "type": "cssRules",
          "assetId": "IkJ0AzaSdV5HUK",
          "checksum": "b81f17ab4030ab6214c447482a95da67"
        },
        {
          "type": "renderModule",
          "assetId": "G08annlMfaLvq3",
          "checksum": "f37a26f7e97597114ef54bf8ff9f61e3"
        },
        {
          "type": "cssRules",
          "assetId": "G08annlMfaLvq3",
          "checksum": "f37a26f7e97597114ef54bf8ff9f61e3"
        },
        {
          "type": "renderModule",
          "assetId": "kM7BCkaFGX9eEG",
          "checksum": "df125dfbfa7e5f2665524fecf01463c7"
        },
        {
          "type": "cssRules",
          "assetId": "kM7BCkaFGX9eEG",
          "checksum": "df125dfbfa7e5f2665524fecf01463c7"
        },
        {
          "type": "icon",
          "assetId": "RAzlx5aZyl2vU7",
          "checksum": "63a5ce4a3e5153f8e3e10a97d88b204a"
        },
        {
          "type": "icon",
          "assetId": "GQmS_1oH8Rv5Wy",
          "checksum": "535adc69dc509a52f5414d82213d4aa2"
        },
        {
          "type": "icon",
          "assetId": "zMrdXDEWSX6Xcv",
          "checksum": "cda38f0a8402f33f49b3a9d369db9347"
        },
        {
          "type": "icon",
          "assetId": "m0Ibw-EtXag1wT",
          "checksum": "d550635a70ab845779277be627749920"
        },
        {
          "type": "icon",
          "assetId": "7nRbOstfBJc0p8",
          "checksum": "3be762daf765e82092cf16209d894676"
        },
        {
          "type": "icon",
          "assetId": "cbb3UYiQz3SFv-",
          "checksum": "14480053a653c457e078c8e5e3ecc8ec"
        },
        {
          "type": "icon",
          "assetId": "eZfX7eqv-Frc24",
          "checksum": "d6347c5a64e6e734968a3c90d334931e"
        },
        {
          "type": "icon",
          "assetId": "vHk-TyLw2PBK5X",
          "checksum": "f68083e4daec930ac048238942671a41"
        },
        {
          "type": "icon",
          "assetId": "YFTbm8Kgbudbvs",
          "checksum": "6c5455fe9419593b5c46aafde2257d59"
        },
        {
          "type": "icon",
          "assetId": "dfe3oNQ7rV4e3w",
          "checksum": "6967b02d3314dbc7ee2a2fbca08c97c7"
        },
        {
          "type": "icon",
          "assetId": "Y06E4y_vkV740T",
          "checksum": "b7bdc6ade6146315a87d776e86db0f1c"
        },
        {
          "type": "icon",
          "assetId": "qvP6LDiyixQ7hS",
          "checksum": "71ea773bb99beda54d2ed13924cbfbc8"
        },
        {
          "type": "icon",
          "assetId": "fBsTbH8aE3AJdA",
          "checksum": "59863fb2d5b168086fe622ae84d1def7"
        },
        {
          "type": "icon",
          "assetId": "ZkedeeEl1C3CY4",
          "checksum": "e85670df09de6940c2ecf0efbbe79961"
        },
        {
          "type": "icon",
          "assetId": "ihRVnRsXi7K9Sf",
          "checksum": "9f358fd63671cf91d83f228f2ec4b86d"
        },
        {
          "type": "icon",
          "assetId": "YbWy5IkBgJlBcV",
          "checksum": "8dc9e777c8557fa55ad08864caac2224"
        },
        {
          "type": "icon",
          "assetId": "LY80cemx3jYeEO",
          "checksum": "125d60808027aedd00b55abd24ffe2e0"
        },
        {
          "type": "icon",
          "assetId": "SHQO1hepQ7BUld",
          "checksum": "39c3e86a04469d39ae68670e76d06ea9"
        },
        {
          "type": "icon",
          "assetId": "-ui6x58scOik9y",
          "checksum": "fc59c93831ea217b0396ce093b5a80d6"
        },
        {
          "type": "icon",
          "assetId": "0eTdHBXdwCrSef",
          "checksum": "c4e61fc001a15ef59199dc0d35ad3b4a"
        },
        {
          "type": "icon",
          "assetId": "0oXs4QPBU__92Y",
          "checksum": "b976f9061248fcfce354fd9c86d1aa52"
        },
        {
          "type": "icon",
          "assetId": "ExrCo7xrZ9jLIJ",
          "checksum": "38955f460f11c6d16afc944a94347772"
        },
        {
          "type": "icon",
          "assetId": "0F_zf4paLbcfJe",
          "checksum": "66082c9e8c20a5f2890b407e70175446"
        },
        {
          "type": "icon",
          "assetId": "YCtsJQRkoXUVTN",
          "checksum": "63648c7c1bfbccc462e5fe810df39f59"
        },
        {
          "type": "icon",
          "assetId": "apwCHckv0Mkbhz",
          "checksum": "d595833787ef1ad47e1ab0cb6ca8c527"
        },
        {
          "type": "icon",
          "assetId": "XMC3oNfF7Ai0Ah",
          "checksum": "aed9819c9ddc87133e5b10f949b85c83"
        },
        {
          "type": "icon",
          "assetId": "ZScibYmb6CNiqD",
          "checksum": "130c8d06701a34583b3a9b7adc503b9d"
        },
        {
          "type": "icon",
          "assetId": "KS5vW7J-6yaXBk",
          "checksum": "5d2cf8cd31b9f4dd20fbafe8cb05898d"
        },
        {
          "type": "icon",
          "assetId": "pmgJPAniT3k_g-",
          "checksum": "20c0c98de5c23356ef8a9c66842b3a8e"
        },
        {
          "type": "icon",
          "assetId": "2QVxgWQfymmdLC",
          "checksum": "28e7c4deb3e22ea70b6f458655f24846"
        },
        {
          "type": "icon",
          "assetId": "u3jT_HZwT9d8la",
          "checksum": "39f5356479851f7b5dc07d8704ca4c7b"
        },
        {
          "type": "icon",
          "assetId": "ChQXRbF-lMyxV7",
          "checksum": "e0d8595a0f13f31f7e39dbf4c3d35186"
        },
        {
          "type": "icon",
          "assetId": "lk7ldlG9iFj6x0",
          "checksum": "822cfc77b699d45d9c443c1f0cc93981"
        },
        {
          "type": "icon",
          "assetId": "c8tuV7y1u8KAdK",
          "checksum": "9c0b9fd9a35649bb57ea488f0195eccf"
        },
        {
          "type": "image",
          "assetId": "Cs8v6kwuwd6NDi",
          "checksum": "ac358b70ec1c27cd1d9f91b9e396c7aa"
        },
        {
          "type": "image",
          "assetId": "GsNnsfV1iqAzrS",
          "checksum": "9ce0f690be7ceb5acf0a2a0b9855aedf"
        },
        {
          "type": "image",
          "assetId": "atM6006EWPmNqx",
          "checksum": "78424d33ff15e47e90ef0ee5bac1eefd"
        },
        {
          "type": "image",
          "assetId": "07LVuPf9zV2PBO",
          "checksum": "0e42e72f7737405f231c144fcabe3c8c"
        },
        {
          "type": "image",
          "assetId": "H8XDaxSrEM2oYW",
          "checksum": "477ef94875a0958aea590dc4a53f51bb"
        },
        {
          "type": "image",
          "assetId": "__mbMlxk1lcd1I",
          "checksum": "0ac02f812d9504d39609ec8fea26a224"
        },
        {
          "type": "image",
          "assetId": "HefJNu7GbGA0M_",
          "checksum": "9248e0b3510a22d2c05b0d3c36de9583"
        },
        {
          "type": "image",
          "assetId": "UT9BR8jZpmlDqj",
          "checksum": "c2dad8a9b3235e9b0d2c228ca74d0e03"
        },
        {
          "type": "image",
          "assetId": "h0JZaG0RKCQRFq",
          "checksum": "7af6e0bb88ebb1c832ef7ec42b742118"
        },
        {
          "type": "image",
          "assetId": "lHf9fwhu9K5guA",
          "checksum": "51559c69b6a7cb353a8fd4b4bc699921"
        },
        {
          "type": "image",
          "assetId": "om8mrK9wf6J9bK",
          "checksum": "1f5d5c5bd4edf7b5664b161a2c0cb946"
        }
      ],
      "codegenVersion": "0.0.1"
    }
  ],
  "cliVersion": "0.1.184"
}
